
Microsoft Visual Studio Solution File, Format Version 12.00
# Visual Studio 2013
VisualStudioVersion = 12.0.30501.0
MinimumVisualStudioVersion = 10.0.40219.1
Project("{FAE04EC0-301F-11D3-BF4B-00C04F79EFBC}") = "GC", "GC\GC.csproj", "{693B0859-E3BE-4AD2-AE56-8926A70CB732}"
EndProject
Project("{54435603-DBB4-11D2-8724-00A0C9A8B90C}") = "SetupGestionMedical", "SetupGestionMedical\SetupGestionMedical.vdproj", "{60D2B3DC-F985-4147-84B1-898213ECFC20}"
EndProject
Project("{FAE04EC0-301F-11D3-BF4B-00C04F79EFBC}") = "Gc.Core", "Gc.Core\Gc.Core.csproj", "{F2061C62-FDDA-4B8B-92A2-B869D275C3E3}"
EndProject
Project("{FAE04EC0-301F-11D3-BF4B-00C04F79EFBC}") = "ReceptionGc", "ReceptionGc\ReceptionGc.csproj", "{59F9F4AD-07E1-4F4B-B46D-09B8D6654A33}"
EndProject
Global
	GlobalSection(SolutionConfigurationPlatforms) = preSolution
		Debug|Any CPU = Debug|Any CPU
		Debug|Mixed Platforms = Debug|Mixed Platforms
		Debug|x86 = Debug|x86
		Release|Any CPU = Release|Any CPU
		Release|Mixed Platforms = Release|Mixed Platforms
		Release|x86 = Release|x86
	EndGlobalSection
	GlobalSection(ProjectConfigurationPlatforms) = postSolution
		{693B0859-E3BE-4AD2-AE56-8926A70CB732}.Debug|Any CPU.ActiveCfg = Debug|Any CPU
		{693B0859-E3BE-4AD2-AE56-8926A70CB732}.Debug|Any CPU.Build.0 = Debug|Any CPU
		{693B0859-E3BE-4AD2-AE56-8926A70CB732}.Debug|Mixed Platforms.ActiveCfg = Debug|x86
		{693B0859-E3BE-4AD2-AE56-8926A70CB732}.Debug|Mixed Platforms.Build.0 = Debug|x86
		{693B0859-E3BE-4AD2-AE56-8926A70CB732}.Debug|x86.ActiveCfg = Debug|x86
		{693B0859-E3BE-4AD2-AE56-8926A70CB732}.Debug|x86.Build.0 = Debug|x86
		{693B0859-E3BE-4AD2-AE56-8926A70CB732}.Release|Any CPU.ActiveCfg = Release|Any CPU
		{693B0859-E3BE-4AD2-AE56-8926A70CB732}.Release|Any CPU.Build.0 = Release|Any CPU
		{693B0859-E3BE-4AD2-AE56-8926A70CB732}.Release|Mixed Platforms.ActiveCfg = Release|x86
		{693B0859-E3BE-4AD2-AE56-8926A70CB732}.Release|Mixed Platforms.Build.0 = Release|x86
		{693B0859-E3BE-4AD2-AE56-8926A70CB732}.Release|x86.ActiveCfg = Release|x86
		{693B0859-E3BE-4AD2-AE56-8926A70CB732}.Release|x86.Build.0 = Release|x86
		{60D2B3DC-F985-4147-84B1-898213ECFC20}.Debug|Any CPU.ActiveCfg = Debug
		{60D2B3DC-F985-4147-84B1-898213ECFC20}.Debug|Mixed Platforms.ActiveCfg = Debug
		{60D2B3DC-F985-4147-84B1-898213ECFC20}.Debug|Mixed Platforms.Build.0 = Debug
		{60D2B3DC-F985-4147-84B1-898213ECFC20}.Debug|x86.ActiveCfg = Debug
		{60D2B3DC-F985-4147-84B1-898213ECFC20}.Release|Any CPU.ActiveCfg = Release
		{60D2B3DC-F985-4147-84B1-898213ECFC20}.Release|Mixed Platforms.ActiveCfg = Release
		{60D2B3DC-F985-4147-84B1-898213ECFC20}.Release|Mixed Platforms.Build.0 = Release
		{60D2B3DC-F985-4147-84B1-898213ECFC20}.Release|x86.ActiveCfg = Release
		{F2061C62-FDDA-4B8B-92A2-B869D275C3E3}.Debug|Any CPU.ActiveCfg = Debug|Any CPU
		{F2061C62-FDDA-4B8B-92A2-B869D275C3E3}.Debug|Any CPU.Build.0 = Debug|Any CPU
		{F2061C62-FDDA-4B8B-92A2-B869D275C3E3}.Debug|Mixed Platforms.ActiveCfg = Debug|Any CPU
		{F2061C62-FDDA-4B8B-92A2-B869D275C3E3}.Debug|Mixed Platforms.Build.0 = Debug|Any CPU
		{F2061C62-FDDA-4B8B-92A2-B869D275C3E3}.Debug|x86.ActiveCfg = Debug|Any CPU
		{F2061C62-FDDA-4B8B-92A2-B869D275C3E3}.Release|Any CPU.ActiveCfg = Release|Any CPU
		{F2061C62-FDDA-4B8B-92A2-B869D275C3E3}.Release|Any CPU.Build.0 = Release|Any CPU
		{F2061C62-FDDA-4B8B-92A2-B869D275C3E3}.Release|Mixed Platforms.ActiveCfg = Release|Any CPU
		{F2061C62-FDDA-4B8B-92A2-B869D275C3E3}.Release|Mixed Platforms.Build.0 = Release|Any CPU
		{F2061C62-FDDA-4B8B-92A2-B869D275C3E3}.Release|x86.ActiveCfg = Release|Any CPU
		{59F9F4AD-07E1-4F4B-B46D-09B8D6654A33}.Debug|Any CPU.ActiveCfg = Debug|Any CPU
		{59F9F4AD-07E1-4F4B-B46D-09B8D6654A33}.Debug|Any CPU.Build.0 = Debug|Any CPU
		{59F9F4AD-07E1-4F4B-B46D-09B8D6654A33}.Debug|Mixed Platforms.ActiveCfg = Debug|Any CPU
		{59F9F4AD-07E1-4F4B-B46D-09B8D6654A33}.Debug|Mixed Platforms.Build.0 = Debug|Any CPU
		{59F9F4AD-07E1-4F4B-B46D-09B8D6654A33}.Debug|x86.ActiveCfg = Debug|Any CPU
		{59F9F4AD-07E1-4F4B-B46D-09B8D6654A33}.Release|Any CPU.ActiveCfg = Release|Any CPU
		{59F9F4AD-07E1-4F4B-B46D-09B8D6654A33}.Release|Any CPU.Build.0 = Release|Any CPU
		{59F9F4AD-07E1-4F4B-B46D-09B8D6654A33}.Release|Mixed Platforms.ActiveCfg = Release|Any CPU
		{59F9F4AD-07E1-4F4B-B46D-09B8D6654A33}.Release|Mixed Platforms.Build.0 = Release|Any CPU
		{59F9F4AD-07E1-4F4B-B46D-09B8D6654A33}.Release|x86.ActiveCfg = Release|Any CPU
	EndGlobalSection
	GlobalSection(SolutionProperties) = preSolution
		HideSolutionNode = FALSE
	EndGlobalSection
EndGlobal
